PODS:
  - Alamofire (5.2.2)
  - AlamofireImage (4.1.0):
    - Alamofire (~> 5.1)
  - SwiftyJSON (5.0.0)

DEPENDENCIES:
  - Alamofire (>= 5.2.2)
  - AlamofireImage (>= 4.1.0)
  - SwiftyJSON (>= 5.0.0)

SPEC REPOS:
  trunk:
    - Alamofire
    - AlamofireImage
    - SwiftyJSON

SPEC CHECKSUMS:
  Alamofire: 814429acc853c6c54ff123fc3d2ef66803823ce0
  AlamofireImage: c4a2ba349885fb3064feb74d2e547bd42ce9be10
  SwiftyJSON: 36413e04c44ee145039d332b4f4e2d3e8d6c4db7

PODFILE CHECKSUM: 94ce0b925f40c7480753d289e21c85b92b44de0d

COCOAPODS: 1.9.1
