// !$*UTF8*$!
{
	archiveVersion = 1;
	classes = {
	};
	objectVersion = 50;
	objects = {

/* Begin PBXBuildFile section */
		12AF03652503CCC600943128 /* AppDelegate.swift in Sources */ = {isa = PBXBuildFile; fileRef = 12AF03642503CCC600943128 /* AppDelegate.swift */; };
		12AF03672503CCC600943128 /* SceneDelegate.swift in Sources */ = {isa = PBXBuildFile; fileRef = 12AF03662503CCC600943128 /* SceneDelegate.swift */; };
		12AF03692503CCC600943128 /* ViewController.swift in Sources */ = {isa = PBXBuildFile; fileRef = 12AF03682503CCC600943128 /* ViewController.swift */; };
		12AF036C2503CCC600943128 /* Main.storyboard in Resources */ = {isa = PBXBuildFile; fileRef = 12AF036A2503CCC600943128 /* Main.storyboard */; };
		12AF036F2503CCC600943128 /* PokemonInfo.xcdatamodeld in Sources */ = {isa = PBXBuildFile; fileRef = 12AF036D2503CCC600943128 /* PokemonInfo.xcdatamodeld */; };
		12AF03712503CCC900943128 /* Assets.xcassets in Resources */ = {isa = PBXBuildFile; fileRef = 12AF03702503CCC900943128 /* Assets.xcassets */; };
		12AF03742503CCC900943128 /* LaunchScreen.storyboard in Resources */ = {isa = PBXBuildFile; fileRef = 12AF03722503CCC900943128 /* LaunchScreen.storyboard */; };
		12AF037F2503CCCA00943128 /* PokemonInfoTests.swift in Sources */ = {isa = PBXBuildFile; fileRef = 12AF037E2503CCCA00943128 /* PokemonInfoTests.swift */; };
/* End PBXBuildFile section */

/* Begin PBXContainerItemProxy section */
		12AF037B2503CCCA00943128 /* PBXContainerItemProxy */ = {
			isa = PBXContainerItemProxy;
			containerPortal = 12AF03592503CCC500943128 /* Project object */;
			proxyType = 1;
			remoteGlobalIDString = 12AF03602503CCC500943128;
			remoteInfo = PokemonInfo;
		};
/* End PBXContainerItemProxy section */

/* Begin PBXFileReference section */
		12AF03612503CCC600943128 /* PokemonInfo.app */ = {isa = PBXFileReference; explicitFileType = wrapper.application; includeInIndex = 0; path = PokemonInfo.app; sourceTree = BUILT_PRODUCTS_DIR; };
		12AF03642503CCC600943128 /* AppDelegate.swift */ = {isa = PBXFileReference; lastKnownFileType = sourcecode.swift; path = AppDelegate.swift; sourceTree = "<group>"; };
		12AF03662503CCC600943128 /* SceneDelegate.swift */ = {isa = PBXFileReference; lastKnownFileType = sourcecode.swift; path = SceneDelegate.swift; sourceTree = "<group>"; };
		12AF03682503CCC600943128 /* ViewController.swift */ = {isa = PBXFileReference; lastKnownFileType = sourcecode.swift; path = ViewController.swift; sourceTree = "<group>"; };
		12AF036B2503CCC600943128 /* Base */ = {isa = PBXFileReference; lastKnownFileType = file.storyboard; name = Base; path = Base.lproj/Main.storyboard; sourceTree = "<group>"; };
		12AF036E2503CCC600943128 /* PokemonInfo.xcdatamodel */ = {isa = PBXFileReference; lastKnownFileType = wrapper.xcdatamodel; path = PokemonInfo.xcdatamodel; sourceTree = "<group>"; };
		12AF03702503CCC900943128 /* Assets.xcassets */ = {isa = PBXFileReference; lastKnownFileType = folder.assetcatalog; path = Assets.xcassets; sourceTree = "<group>"; };
		12AF03732503CCC900943128 /* Base */ = {isa = PBXFileReference; lastKnownFileType = file.storyboard; name = Base; path = Base.lproj/LaunchScreen.storyboard; sourceTree = "<group>"; };
		12AF03752503CCC900943128 /* Info.plist */ = {isa = PBXFileReference; lastKnownFileType = text.plist.xml; path = Info.plist; sourceTree = "<group>"; };
		12AF037A2503CCCA00943128 /* PokemonInfoTests.xctest */ = {isa = PBXFileReference; explicitFileType = wrapper.cfbundle; includeInIndex = 0; path = PokemonInfoTests.xctest; sourceTree = BUILT_PRODUCTS_DIR; };
		12AF037E2503CCCA00943128 /* PokemonInfoTests.swift */ = {isa = PBXFileReference; lastKnownFileType = sourcecode.swift; path = PokemonInfoTests.swift; sourceTree = "<group>"; };
		12AF03802503CCCA00943128 /* Info.plist */ = {isa = PBXFileReference; lastKnownFileType = text.plist.xml; path = Info.plist; sourceTree = "<group>"; };
/* End PBXFileReference section */

/* Begin PBXFrameworksBuildPhase section */
		12AF035E2503CCC500943128 /* Frameworks */ = {
			isa = PBXFrameworksBuildPhase;
			buildActionMask = 2147483647;
			files = (
			);
			runOnlyForDeploymentPostprocessing = 0;
		};
		12AF03772503CCCA00943128 /* Frameworks */ = {
			isa = PBXFrameworksBuildPhase;
			buildActionMask = 2147483647;
			files = (
			);
			runOnlyForDeploymentPostprocessing = 0;
		};
/* End PBXFrameworksBuildPhase section */

/* Begin PBXGroup section */
		12AF03582503CCC500943128 = {
			isa = PBXGroup;
			children = (
				12AF03632503CCC600943128 /* PokemonInfo */,
				12AF037D2503CCCA00943128 /* PokemonInfoTests */,
				12AF03622503CCC600943128 /* Products */,
			);
			sourceTree = "<group>";
		};
		12AF03622503CCC600943128 /* Products */ = {
			isa = PBXGroup;
			children = (
				12AF03612503CCC600943128 /* PokemonInfo.app */,
				12AF037A2503CCCA00943128 /* PokemonInfoTests.xctest */,
			);
			name = Products;
			sourceTree = "<group>";
		};
		12AF03632503CCC600943128 /* PokemonInfo */ = {
			isa = PBXGroup;
			children = (
				12AF03642503CCC600943128 /* AppDelegate.swift */,
				12AF03662503CCC600943128 /* SceneDelegate.swift */,
				12AF03682503CCC600943128 /* ViewController.swift */,
				12AF036A2503CCC600943128 /* Main.storyboard */,
				12AF03702503CCC900943128 /* Assets.xcassets */,
				12AF03722503CCC900943128 /* LaunchScreen.storyboard */,
				12AF03752503CCC900943128 /* Info.plist */,
				12AF036D2503CCC600943128 /* PokemonInfo.xcdatamodeld */,
			);
			path = PokemonInfo;
			sourceTree = "<group>";
		};
		12AF037D2503CCCA00943128 /* PokemonInfoTests */ = {
			isa = PBXGroup;
			children = (
				12AF037E2503CCCA00943128 /* PokemonInfoTests.swift */,
				12AF03802503CCCA00943128 /* Info.plist */,
			);
			path = PokemonInfoTests;
			sourceTree = "<group>";
		};
/* End PBXGroup section */

/* Begin PBXNativeTarget section */
		12AF03602503CCC500943128 /* PokemonInfo */ = {
			isa = PBXNativeTarget;
			buildConfigurationList = 12AF03832503CCCA00943128 /* Build configuration list for PBXNativeTarget "PokemonInfo" */;
			buildPhases = (
				12AF035D2503CCC500943128 /* Sources */,
				12AF035E2503CCC500943128 /* Frameworks */,
				12AF035F2503CCC500943128 /* Resources */,
			);
			buildRules = (
			);
			dependencies = (
			);
			name = PokemonInfo;
			productName = PokemonInfo;
			productReference = 12AF03612503CCC600943128 /* PokemonInfo.app */;
			productType = "com.apple.product-type.application";
		};
		12AF03792503CCCA00943128 /* PokemonInfoTests */ = {
			isa = PBXNativeTarget;
			buildConfigurationList = 12AF03862503CCCA00943128 /* Build configuration list for PBXNativeTarget "PokemonInfoTests" */;
			buildPhases = (
				12AF03762503CCCA00943128 /* Sources */,
				12AF03772503CCCA00943128 /* Frameworks */,
				12AF03782503CCCA00943128 /* Resources */,
			);
			buildRules = (
			);
			dependencies = (
				12AF037C2503CCCA00943128 /* PBXTargetDependency */,
			);
			name = PokemonInfoTests;
			productName = PokemonInfoTests;
			productReference = 12AF037A2503CCCA00943128 /* PokemonInfoTests.xctest */;
			productType = "com.apple.product-type.bundle.unit-test";
		};
/* End PBXNativeTarget section */

/* Begin PBXProject section */
		12AF03592503CCC500943128 /* Project object */ = {
			isa = PBXProject;
			attributes = {
				LastSwiftUpdateCheck = 1140;
				LastUpgradeCheck = 1140;
				ORGANIZATIONNAME = "Shaukat Ali";
				TargetAttributes = {
					12AF03602503CCC500943128 = {
						CreatedOnToolsVersion = 11.4;
					};
					12AF03792503CCCA00943128 = {
						CreatedOnToolsVersion = 11.4;
						TestTargetID = 12AF03602503CCC500943128;
					};
				};
			};
			buildConfigurationList = 12AF035C2503CCC500943128 /* Build configuration list for PBXProject "PokemonInfo" */;
			compatibilityVersion = "Xcode 9.3";
			developmentRegion = en;
			hasScannedForEncodings = 0;
			knownRegions = (
				en,
				Base,
			);
			mainGroup = 12AF03582503CCC500943128;
			productRefGroup = 12AF03622503CCC600943128 /* Products */;
			projectDirPath = "";
			projectRoot = "";
			targets = (
				12AF03602503CCC500943128 /* PokemonInfo */,
				12AF03792503CCCA00943128 /* PokemonInfoTests */,
			);
		};
/* End PBXProject section */

/* Begin PBXResourcesBuildPhase section */
		12AF035F2503CCC500943128 /* Resources */ = {
			isa = PBXResourcesBuildPhase;
			buildActionMask = 2147483647;
			files = (
				12AF03742503CCC900943128 /* LaunchScreen.storyboard in Resources */,
				12AF03712503CCC900943128 /* Assets.xcassets in Resources */,
				12AF036C2503CCC600943128 /* Main.storyboard in Resources */,
			);
			runOnlyForDeploymentPostprocessing = 0;
		};
		12AF03782503CCCA00943128 /* Resources */ = {
			isa = PBXResourcesBuildPhase;
			buildActionMask = 2147483647;
			files = (
			);
			runOnlyForDeploymentPostprocessing = 0;
		};
/* End PBXResourcesBuildPhase section */

/* Begin PBXSourcesBuildPhase section */
		12AF035D2503CCC500943128 /* Sources */ = {
			isa = PBXSourcesBuildPhase;
			buildActionMask = 2147483647;
			files = (
				12AF03692503CCC600943128 /* ViewController.swift in Sources */,
				12AF036F2503CCC600943128 /* PokemonInfo.xcdatamodeld in Sources */,
				12AF03652503CCC600943128 /* AppDelegate.swift in Sources */,
				12AF03672503CCC600943128 /* SceneDelegate.swift in Sources */,
			);
			runOnlyForDeploymentPostprocessing = 0;
		};
		12AF03762503CCCA00943128 /* Sources */ = {
			isa = PBXSourcesBuildPhase;
			buildActionMask = 2147483647;
			files = (
				12AF037F2503CCCA00943128 /* PokemonInfoTests.swift in Sources */,
			);
			runOnlyForDeploymentPostprocessing = 0;
		};
/* End PBXSourcesBuildPhase section */

/* Begin PBXTargetDependency section */
		12AF037C2503CCCA00943128 /* PBXTargetDependency */ = {
			isa = PBXTargetDependency;
			target = 12AF03602503CCC500943128 /* PokemonInfo */;
			targetProxy = 12AF037B2503CCCA00943128 /* PBXContainerItemProxy */;
		};
/* End PBXTargetDependency section */

/* Begin PBXVariantGroup section */
		12AF036A2503CCC600943128 /* Main.storyboard */ = {
			isa = PBXVariantGroup;
			children = (
				12AF036B2503CCC600943128 /* Base */,
			);
			name = Main.storyboard;
			sourceTree = "<group>";
		};
		12AF03722503CCC900943128 /* LaunchScreen.storyboard */ = {
			isa = PBXVariantGroup;
			children = (
				12AF03732503CCC900943128 /* Base */,
			);
			name = LaunchScreen.storyboard;
			sourceTree = "<group>";
		};
/* End PBXVariantGroup section */

/* Begin XCBuildConfiguration section */
		12AF03812503CCCA00943128 /* Debug */ = {
			isa = XCBuildConfiguration;
			buildSettings = {
				ALWAYS_SEARCH_USER_PATHS = NO;
				CLANG_ANALYZER_NONNULL = YES;
				CLANG_ANALYZER_NUMBER_OBJECT_CONVERSION = YES_AGGRESSIVE;
				CLANG_CXX_LANGUAGE_STANDARD = "gnu++14";
				CLANG_CXX_LIBRARY = "libc++";
				CLANG_ENABLE_MODULES = YES;
				CLANG_ENABLE_OBJC_ARC = YES;
				CLANG_ENABLE_OBJC_WEAK = YES;
				CLANG_WARN_BLOCK_CAPTURE_AUTORELEASING = YES;
				CLANG_WARN_BOOL_CONVERSION = YES;
				CLANG_WARN_COMMA = YES;
				CLANG_WARN_CONSTANT_CONVERSION = YES;
				CLANG_WARN_DEPRECATED_OBJC_IMPLEMENTATIONS = YES;
				CLANG_WARN_DIRECT_OBJC_ISA_USAGE = YES_ERROR;
				CLANG_WARN_DOCUMENTATION_COMMENTS = YES;
				CLANG_WARN_EMPTY_BODY = YES;
				CLANG_WARN_ENUM_CONVERSION = YES;
				CLANG_WARN_INFINITE_RECURSION = YES;
				CLANG_WARN_INT_CONVERSION = YES;
				CLANG_WARN_NON_LITERAL_NULL_CONVERSION = YES;
				CLANG_WARN_OBJC_IMPLICIT_RETAIN_SELF = YES;
				CLANG_WARN_OBJC_LITERAL_CONVERSION = YES;
				CLANG_WARN_OBJC_ROOT_CLASS = YES_ERROR;
				CLANG_WARN_RANGE_LOOP_ANALYSIS = YES;
				CLANG_WARN_STRICT_PROTOTYPES = YES;
				CLANG_WARN_SUSPICIOUS_MOVE = YES;
				CLANG_WARN_UNGUARDED_AVAILABILITY = YES_AGGRESSIVE;
				CLANG_WARN_UNREACHABLE_CODE = YES;
				CLANG_WARN__DUPLICATE_METHOD_MATCH = YES;
				COPY_PHASE_STRIP = NO;
				DEBUG_INFORMATION_FORMAT = dwarf;
				ENABLE_STRICT_OBJC_MSGSEND = YES;
				ENABLE_TESTABILITY = YES;
				GCC_C_LANGUAGE_STANDARD = gnu11;
				GCC_DYNAMIC_NO_PIC = NO;
				GCC_NO_COMMON_BLOCKS = YES;
				GCC_OPTIMIZATION_LEVEL = 0;
				GCC_PREPROCESSOR_DEFINITIONS = (
					"DEBUG=1",
					"$(inherited)",
				);
				GCC_WARN_64_TO_32_BIT_CONVERSION = YES;
				GCC_WARN_ABOUT_RETURN_TYPE = YES_ERROR;
				GCC_WARN_UNDECLARED_SELECTOR = YES;
				GCC_WARN_UNINITIALIZED_AUTOS = YES_AGGRESSIVE;
				GCC_WARN_UNUSED_FUNCTION = YES;
				GCC_WARN_UNUSED_VARIABLE = YES;
				IPHONEOS_DEPLOYMENT_TARGET = 13.4;
				MTL_ENABLE_DEBUG_INFO = INCLUDE_SOURCE;
				MTL_FAST_MATH = YES;
				ONLY_ACTIVE_ARCH = YES;
				SDKROOT = iphoneos;
				SWIFT_ACTIVE_COMPILATION_CONDITIONS = DEBUG;
				SWIFT_OPTIMIZATION_LEVEL = "-Onone";
			};
			name = Debug;
		};
		12AF03822503CCCA00943128 /* Release */ = {
			isa = XCBuildConfiguration;
			buildSettings = {
				ALWAYS_SEARCH_USER_PATHS = NO;
				CLANG_ANALYZER_NONNULL = YES;
				CLANG_ANALYZER_NUMBER_OBJECT_CONVERSION = YES_AGGRESSIVE;
				CLANG_CXX_LANGUAGE_STANDARD = "gnu++14";
				CLANG_CXX_LIBRARY = "libc++";
				CLANG_ENABLE_MODULES = YES;
				CLANG_ENABLE_OBJC_ARC = YES;
				CLANG_ENABLE_OBJC_WEAK = YES;
				CLANG_WARN_BLOCK_CAPTURE_AUTORELEASING = YES;
				CLANG_WARN_BOOL_CONVERSION = YES;
				CLANG_WARN_COMMA = YES;
				CLANG_WARN_CONSTANT_CONVERSION = YES;
				CLANG_WARN_DEPRECATED_OBJC_IMPLEMENTATIONS = YES;
				CLANG_WARN_DIRECT_OBJC_ISA_USAGE = YES_ERROR;
				CLANG_WARN_DOCUMENTATION_COMMENTS = YES;
				CLANG_WARN_EMPTY_BODY = YES;
				CLANG_WARN_ENUM_CONVERSION = YES;
				CLANG_WARN_INFINITE_RECURSION = YES;
				CLANG_WARN_INT_CONVERSION = YES;
				CLANG_WARN_NON_LITERAL_NULL_CONVERSION = YES;
				CLANG_WARN_OBJC_IMPLICIT_RETAIN_SELF = YES;
				CLANG_WARN_OBJC_LITERAL_CONVERSION = YES;
				CLANG_WARN_OBJC_ROOT_CLASS = YES_ERROR;
				CLANG_WARN_RANGE_LOOP_ANALYSIS = YES;
				CLANG_WARN_STRICT_PROTOTYPES = YES;
				CLANG_WARN_SUSPICIOUS_MOVE = YES;
				CLANG_WARN_UNGUARDED_AVAILABILITY = YES_AGGRESSIVE;
				CLANG_WARN_UNREACHABLE_CODE = YES;
				CLANG_WARN__DUPLICATE_METHOD_MATCH = YES;
				COPY_PHASE_STRIP = NO;
				DEBUG_INFORMATION_FORMAT = "dwarf-with-dsym";
				ENABLE_NS_ASSERTIONS = NO;
				ENABLE_STRICT_OBJC_MSGSEND = YES;
				GCC_C_LANGUAGE_STANDARD = gnu11;
				GCC_NO_COMMON_BLOCKS = YES;
				GCC_WARN_64_TO_32_BIT_CONVERSION = YES;
				GCC_WARN_ABOUT_RETURN_TYPE = YES_ERROR;
				GCC_WARN_UNDECLARED_SELECTOR = YES;
				GCC_WARN_UNINITIALIZED_AUTOS = YES_AGGRESSIVE;
				GCC_WARN_UNUSED_FUNCTION = YES;
				GCC_WARN_UNUSED_VARIABLE = YES;
				IPHONEOS_DEPLOYMENT_TARGET = 13.4;
				MTL_ENABLE_DEBUG_INFO = NO;
				MTL_FAST_MATH = YES;
				SDKROOT = iphoneos;
				SWIFT_COMPILATION_MODE = wholemodule;
				SWIFT_OPTIMIZATION_LEVEL = "-O";
				VALIDATE_PRODUCT = YES;
			};
			name = Release;
		};
		12AF03842503CCCA00943128 /* Debug */ = {
			isa = XCBuildConfiguration;
			buildSettings = {
				ASSETCATALOG_COMPILER_APPICON_NAME = AppIcon;
				CODE_SIGN_STYLE = Automatic;
				INFOPLIST_FILE = PokemonInfo/Info.plist;
				LD_RUNPATH_SEARCH_PATHS = (
					"$(inherited)",
					"@executable_path/Frameworks",
				);
				PRODUCT_BUNDLE_IDENTIFIER = com.pokemon.info.PokemonInfo;
				PRODUCT_NAME = "$(TARGET_NAME)";
				SWIFT_VERSION = 5.0;
				TARGETED_DEVICE_FAMILY = "1,2";
			};
			name = Debug;
		};
		12AF03852503CCCA00943128 /* Release */ = {
			isa = XCBuildConfiguration;
			buildSettings = {
				ASSETCATALOG_COMPILER_APPICON_NAME = AppIcon;
				CODE_SIGN_STYLE = Automatic;
				INFOPLIST_FILE = PokemonInfo/Info.plist;
				LD_RUNPATH_SEARCH_PATHS = (
					"$(inherited)",
					"@executable_path/Frameworks",
				);
				PRODUCT_BUNDLE_IDENTIFIER = com.pokemon.info.PokemonInfo;
				PRODUCT_NAME = "$(TARGET_NAME)";
				SWIFT_VERSION = 5.0;
				TARGETED_DEVICE_FAMILY = "1,2";
			};
			name = Release;
		};
		12AF03872503CCCA00943128 /* Debug */ = {
			isa = XCBuildConfiguration;
			buildSettings = {
				ALWAYS_EMBED_SWIFT_STANDARD_LIBRARIES = YES;
				BUNDLE_LOADER = "$(TEST_HOST)";
				CODE_SIGN_STYLE = Automatic;
				INFOPLIST_FILE = PokemonInfoTests/Info.plist;
				IPHONEOS_DEPLOYMENT_TARGET = 13.4;
				LD_RUNPATH_SEARCH_PATHS = (
					"$(inherited)",
					"@executable_path/Frameworks",
					"@loader_path/Frameworks",
				);
				PRODUCT_BUNDLE_IDENTIFIER = com.pokemon.info.PokemonInfoTests;
				PRODUCT_NAME = "$(TARGET_NAME)";
				SWIFT_VERSION = 5.0;
				TARGETED_DEVICE_FAMILY = "1,2";
				TEST_HOST = "$(BUILT_PRODUCTS_DIR)/PokemonInfo.app/PokemonInfo";
			};
			name = Debug;
		};
		12AF03882503CCCA00943128 /* Release */ = {
			isa = XCBuildConfiguration;
			buildSettings = {
				ALWAYS_EMBED_SWIFT_STANDARD_LIBRARIES = YES;
				BUNDLE_LOADER = "$(TEST_HOST)";
				CODE_SIGN_STYLE = Automatic;
				INFOPLIST_FILE = PokemonInfoTests/Info.plist;
				IPHONEOS_DEPLOYMENT_TARGET = 13.4;
				LD_RUNPATH_SEARCH_PATHS = (
					"$(inherited)",
					"@executable_path/Frameworks",
					"@loader_path/Frameworks",
				);
				PRODUCT_BUNDLE_IDENTIFIER = com.pokemon.info.PokemonInfoTests;
				PRODUCT_NAME = "$(TARGET_NAME)";
				SWIFT_VERSION = 5.0;
				TARGETED_DEVICE_FAMILY = "1,2";
				TEST_HOST = "$(BUILT_PRODUCTS_DIR)/PokemonInfo.app/PokemonInfo";
			};
			name = Release;
		};
/* End XCBuildConfiguration section */

/* Begin XCConfigurationList section */
		12AF035C2503CCC500943128 /* Build configuration list for PBXProject "PokemonInfo" */ = {
			isa = XCConfigurationList;
			buildConfigurations = (
				12AF03812503CCCA00943128 /* Debug */,
				12AF03822503CCCA00943128 /* Release */,
			);
			defaultConfigurationIsVisible = 0;
			defaultConfigurationName = Release;
		};
		12AF03832503CCCA00943128 /* Build configuration list for PBXNativeTarget "PokemonInfo" */ = {
			isa = XCConfigurationList;
			buildConfigurations = (
				12AF03842503CCCA00943128 /* Debug */,
				12AF03852503CCCA00943128 /* Release */,
			);
			defaultConfigurationIsVisible = 0;
			defaultConfigurationName = Release;
		};
		12AF03862503CCCA00943128 /* Build configuration list for PBXNativeTarget "PokemonInfoTests" */ = {
			isa = XCConfigurationList;
			buildConfigurations = (
				12AF03872503CCCA00943128 /* Debug */,
				12AF03882503CCCA00943128 /* Release */,
			);
			defaultConfigurationIsVisible = 0;
			defaultConfigurationName = Release;
		};
/* End XCConfigurationList section */

/* Begin XCVersionGroup section */
		12AF036D2503CCC600943128 /* PokemonInfo.xcdatamodeld */ = {
			isa = XCVersionGroup;
			children = (
				12AF036E2503CCC600943128 /* PokemonInfo.xcdatamodel */,
			);
			currentVersion = 12AF036E2503CCC600943128 /* PokemonInfo.xcdatamodel */;
			path = PokemonInfo.xcdatamodeld;
			sourceTree = "<group>";
			versionGroupType = wrapper.xcdatamodel;
		};
/* End XCVersionGroup section */
	};
	rootObject = 12AF03592503CCC500943128 /* Project object */;
}
